
Microsoft Visual Studio Solution File, Format Version 12.00
# Visual Studio Version 17
VisualStudioVersion = 17.4.33213.308
MinimumVisualStudioVersion = 10.0.40219.1
Project("{9A19103F-16F7-4668-BE54-9A1E7A4F7556}") = "SCXEditor", "SCXEditor\SCXEditor.csproj", "{2F25A45E-E45B-4783-8765-84A401F284ED}"
EndProject
Project("{9A19103F-16F7-4668-BE54-9A1E7A4F7556}") = "SCXEditor.Desktop", "SCXEditor.Desktop\SCXEditor.Desktop.csproj", "{4CB3EDB6-2193-4906-AC7D-A2A6F6083CF9}"
EndProject
Global
	GlobalSection(SolutionConfigurationPlatforms) = preSolution
		Debug|Any CPU = Debug|Any CPU
		Release|Any CPU = Release|Any CPU
	EndGlobalSection
	GlobalSection(ProjectConfigurationPlatforms) = postSolution
		{2F25A45E-E45B-4783-8765-84A401F284ED}.Debug|Any CPU.ActiveCfg = Debug|Any CPU
		{2F25A45E-E45B-4783-8765-84A401F284ED}.Debug|Any CPU.Build.0 = Debug|Any CPU
		{2F25A45E-E45B-4783-8765-84A401F284ED}.Release|Any CPU.ActiveCfg = Release|Any CPU
		{2F25A45E-E45B-4783-8765-84A401F284ED}.Release|Any CPU.Build.0 = Release|Any CPU
		{4CB3EDB6-2193-4906-AC7D-A2A6F6083CF9}.Debug|Any CPU.ActiveCfg = Debug|Any CPU
		{4CB3EDB6-2193-4906-AC7D-A2A6F6083CF9}.Debug|Any CPU.Build.0 = Debug|Any CPU
		{4CB3EDB6-2193-4906-AC7D-A2A6F6083CF9}.Release|Any CPU.ActiveCfg = Release|Any CPU
		{4CB3EDB6-2193-4906-AC7D-A2A6F6083CF9}.Release|Any CPU.Build.0 = Release|Any CPU
	EndGlobalSection
	GlobalSection(SolutionProperties) = preSolution
		HideSolutionNode = FALSE
	EndGlobalSection
	GlobalSection(ExtensibilityGlobals) = postSolution
		SolutionGuid = {9E478662-E1B5-4B09-8B0C-0F2E237E37EC}
	EndGlobalSection
EndGlobal
